
Microsoft Visual Studio Solution File, Format Version 12.00
# Visual Studio Version 17
VisualStudioVersion = 17.7.34018.315
MinimumVisualStudioVersion = 10.0.40219.1
Project("{8BC9CEB8-8B4A-11D0-8D11-00A0C91BC942}") = "CS-Calculator", "CS-Calculator\CS-Calculator.vcxproj", "{5985A531-45E8-4039-B134-719175D478B4}"
EndProject
Global
	GlobalSection(SolutionConfigurationPlatforms) = preSolution
		Debug|x64 = Debug|x64
		Debug|x86 = Debug|x86
		Release|x64 = Release|x64
		Release|x86 = Release|x86
	EndGlobalSection
	GlobalSection(ProjectConfigurationPlatforms) = postSolution
		{5985A531-45E8-4039-B134-719175D478B4}.Debug|x64.ActiveCfg = Debug|x64
		{5985A531-45E8-4039-B134-719175D478B4}.Debug|x64.Build.0 = Debug|x64
		{5985A531-45E8-4039-B134-719175D478B4}.Debug|x86.ActiveCfg = Debug|Win32
		{5985A531-45E8-4039-B134-719175D478B4}.Debug|x86.Build.0 = Debug|Win32
		{5985A531-45E8-4039-B134-719175D478B4}.Release|x64.ActiveCfg = Release|x64
		{5985A531-45E8-4039-B134-719175D478B4}.Release|x64.Build.0 = Release|x64
		{5985A531-45E8-4039-B134-719175D478B4}.Release|x86.ActiveCfg = Release|Win32
		{5985A531-45E8-4039-B134-719175D478B4}.Release|x86.Build.0 = Release|Win32
	EndGlobalSection
	GlobalSection(SolutionProperties) = preSolution
		HideSolutionNode = FALSE
	EndGlobalSection
	GlobalSection(ExtensibilityGlobals) = postSolution
		SolutionGuid = {88018BB5-1D73-4232-964F-CC51ADC64672}
	EndGlobalSection
EndGlobal
